{
  "nodes": {
    "ainigma-local": {
      "flake": false,
      "locked": {
        "path": "../../..",
        "type": "path"
      },
      "original": {
        "path": "../../..",
        "type": "path"
      },
      "parent": []
    },
    "ainigma-remote": {
      "flake": false,
      "locked": {
        "lastModified": 1788359624,
        "narHash": "sha256-cyClm++sTPVuFEGoRxH+MjgaeJGi4j9PohEA7SHQVWI=",
        "owner": "ouspg",
        "repo": "ainigma",
        "rev": "11dcc33d9eeff34af69129b0571a2373e7f0d1e1",
        "type": "github"
      },
      "original": {
        "owner": "ouspg",
        "repo": "ainigma",
        "type": "github"
      }
    },
    "nixpkgs": {
      "locked": {
        "lastModified": 1788297115,
        "narHash": "sha256-Z+vUNbfd2FIKkWOTkcT7RYlh3oFCnig/d2eXD1SWf2E=",
        "owner": "NixOS",
        "repo": "nixpkgs",
        "rev": "a3116115851d68b8952a2a4221cc25a84e56b532",
        "type": "github"
      },
      "original": {
        "owner": "NixOS",
        "ref": "nixos-26.05",
        "repo": "nixpkgs",
        "type": "github"
      }
    },
    "root": {
      "inputs": {
        "ainigma-local": "ainigma-local",
        "ainigma-remote": "ainigma-remote",
        "nixpkgs": "nixpkgs"
      }
    }
  },
  "root": "root",
  "version": 7
}
